{
  "nodes": {
    "nix": {
      "flake": false,
      "locked": {
        "lastModified": 1773613143,
        "narHash": "sha256-ABg7nTMZ1oLDWn2OMoIwXHeZesV/RXo45dJHaaGGmeA=",
        "owner": "NixOS",
        "repo": "nix",
        "rev": "06bea636522e3de221a3ace0ca731017e62fb3f0",
        "type": "github"
      },
      "original": {
        "owner": "NixOS",
        "ref": "2.34-maintenance",
        "repo": "nix",
        "type": "github"
      }
    },
    "nix-eval-jobs": {
      "flake": false,
      "locked": {
        "lastModified": 1773356729,
        "narHash": "sha256-OFGRoJOYhvZ3Enk5a8vMy0QNcG5ZxyzFhyHMrwKXde8=",
        "owner": "NixOS",
        "repo": "nix-eval-jobs",
        "rev": "65ebf5b7cd453a27af09cf02b1fc57b3568cc4b7",
        "type": "github"
      },
      "original": {
        "owner": "NixOS",
        "ref": "v2.34.1",
        "repo": "nix-eval-jobs",
        "type": "github"
      }
    },
    "nixpkgs": {
      "locked": {
        "lastModified": 1773580787,
        "narHash": "sha256-3+GXyxlaKhGwKlO4a4WrGc04SYS1mKXO/3e5xVQ9OBY=",
        "owner": "NixOS",
        "repo": "nixpkgs",
        "rev": "7e2a98ee97bb3b7e08297cc7e2a39c03c5046a0e",
        "type": "github"
      },
      "original": {
        "owner": "NixOS",
        "ref": "nixos-25.11-small",
        "repo": "nixpkgs",
        "type": "github"
      }
    },
    "root": {
      "inputs": {
        "nix": "nix",
        "nix-eval-jobs": "nix-eval-jobs",
        "nixpkgs": "nixpkgs"
      }
    }
  },
  "root": "root",
  "version": 7
}
